hash: 62514a3511d20a87133a253e5acbb96ed97263a64a8c9c56fc16ed32ed3556d3
updated: 2016-01-18T22:22:58.563833923+09:00
imports:
- name: github.com/BurntSushi/toml
  version: 5c4df71dfe9ac89ef6287afc05e4c1b16ae65a1e
- name: github.com/reiki4040/cstore
  version: 3a1ef96c2022baf3c870e97670f8bb392929d935
  vcs: git
- name: gopkg.in/yaml.v2
  version: f7716cbe52baa25d2e9b0d0da546fcf909fc16b4
devImports: []
